# This file is generated by running "yarn install" inside your project.
# Manual changes might be lost - proceed with caution!

__metadata:
  version: 5
  cacheKey: 8

"@types/node@npm:^16.11.6":
  version: 16.11.6
  resolution: "@types/node@npm:16.11.6"
  checksum: 6e19634766ff589d3d2f361c2196b671f8f133cdadc5ad347a621c360d8994b6c4fbccfb2ad9c60c588c593831a96497c9c6b77d2b7e91be723384b94f6368e7
  languageName: node
  linkType: hard

"@types/vscode@npm:^1.62.0":
  version: 1.62.0
  resolution: "@types/vscode@npm:1.62.0"
  checksum: 101d583e95a55e0c5c756ffa18b708102abdbcc269d9706f55f934b627a2a3c7dc162ee95e5ef0654b43a9db52b291981a15f87045c072b6e6dc18ee3539823c
  languageName: node
  linkType: hard

"balanced-match@npm:^1.0.0":
  version: 1.0.2
  resolution: "balanced-match@npm:1.0.2"
  checksum: 9706c088a283058a8a99e0bf91b0a2f75497f185980d9ffa8b304de1d9e58ebda7c72c07ebf01dadedaac5b2907b2c6f566f660d62bd336c3468e960403b9d65
  languageName: node
  linkType: hard

"brace-expansion@npm:^1.1.7":
  version: 1.1.11
  resolution: "brace-expansion@npm:1.1.11"
  dependencies:
    balanced-match: ^1.0.0
    concat-map: 0.0.1
  checksum: faf34a7bb0c3fcf4b59c7808bc5d2a96a40988addf2e7e09dfbb67a2251800e0d14cd2bfc1aa79174f2f5095c54ff27f46fb1289fe2d77dac755b5eb3434cc07
  languageName: node
  linkType: hard

"concat-map@npm:0.0.1":
  version: 0.0.1
  resolution: "concat-map@npm:0.0.1"
  checksum: 902a9f5d8967a3e2faf138d5cb784b9979bad2e6db5357c5b21c568df4ebe62bcb15108af1b2253744844eb964fc023fbd9afbbbb6ddd0bcc204c6fb5b7bf3af
  languageName: node
  linkType: hard

"fast-snippets@workspace:.":
  version: 0.0.0-use.local
  resolution: "fast-snippets@workspace:."
  dependencies:
    "@types/node": ^16.11.6
    "@types/vscode": ^1.62.0
    typescript: ^4.4.4
    vscode-languageclient: ^7.0.0
    vscode-languageserver: ^7.0.0
    vscode-languageserver-textdocument: ^1.0.2
  languageName: unknown
  linkType: soft

"lru-cache@npm:^6.0.0":
  version: 6.0.0
  resolution: "lru-cache@npm:6.0.0"
  dependencies:
    yallist: ^4.0.0
  checksum: f97f499f898f23e4585742138a22f22526254fdba6d75d41a1c2526b3b6cc5747ef59c5612ba7375f42aca4f8461950e925ba08c991ead0651b4918b7c978297
  languageName: node
  linkType: hard

"minimatch@npm:^3.0.4":
  version: 3.0.4
  resolution: "minimatch@npm:3.0.4"
  dependencies:
    brace-expansion: ^1.1.7
  checksum: 66ac295f8a7b59788000ea3749938b0970344c841750abd96694f80269b926ebcafad3deeb3f1da2522978b119e6ae3a5869b63b13a7859a456b3408bd18a078
  languageName: node
  linkType: hard

"semver@npm:^7.3.4":
  version: 7.3.5
  resolution: "semver@npm:7.3.5"
  dependencies:
    lru-cache: ^6.0.0
  bin:
    semver: bin/semver.js
  checksum: 5eafe6102bea2a7439897c1856362e31cc348ccf96efd455c8b5bc2c61e6f7e7b8250dc26b8828c1d76a56f818a7ee907a36ae9fb37a599d3d24609207001d60
  languageName: node
  linkType: hard

"typescript@npm:^4.4.4":
  version: 4.4.4
  resolution: "typescript@npm:4.4.4"
  bin:
    tsc: bin/tsc
    tsserver: bin/tsserver
  checksum: 89ecb8436bb48ef5594d49289f5f89103071716b6e4844278f4fb3362856e31203e187a9c76d205c3f0b674d221a058fd28310dbcbcf5d95e9a57229bb5203f1
  languageName: node
  linkType: hard

"typescript@patch:typescript@^4.4.4#~builtin<compat/typescript>":
  version: 4.4.4
  resolution: "typescript@patch:typescript@npm%3A4.4.4#~builtin<compat/typescript>::version=4.4.4&hash=ddd1e8"
  bin:
    tsc: bin/tsc
    tsserver: bin/tsserver
  checksum: bd629ad0da4a15d79aaad56baf3ee7d96f6a181760d430ae77f8c5325df7bffd9edee57544a3970e3651e8b796fe03a5838a7eb39c6d46cc3866c0b23d36a0dd
  languageName: node
  linkType: hard

"vscode-jsonrpc@npm:6.0.0":
  version: 6.0.0
  resolution: "vscode-jsonrpc@npm:6.0.0"
  checksum: 3a67a56f287e8c449f2d9752eedf91e704dc7b9a326f47fb56ac07667631deb45ca52192e9bccb2ab108764e48409d70fa64b930d46fc3822f75270b111c5f53
  languageName: node
  linkType: hard

"vscode-languageclient@npm:^7.0.0":
  version: 7.0.0
  resolution: "vscode-languageclient@npm:7.0.0"
  dependencies:
    minimatch: ^3.0.4
    semver: ^7.3.4
    vscode-languageserver-protocol: 3.16.0
  checksum: fde7122e96838f0de1940dba80fc4b6bb80717695dbfaff005b9d44eeea371b7f09daedefaebcbf0ff278f67446e37837ec0730ddbc7dbd82aca5d8567065594
  languageName: node
  linkType: hard

"vscode-languageserver-protocol@npm:3.16.0":
  version: 3.16.0
  resolution: "vscode-languageserver-protocol@npm:3.16.0"
  dependencies:
    vscode-jsonrpc: 6.0.0
    vscode-languageserver-types: 3.16.0
  checksum: ac30cbe4b778344f7b93defbaa1332dcb5a5a3a0afda6b88618a9ed44093c1ae1d2f11548bdcff42a73bb46943df025d4fe721559144dd7bf25ae60663aabe06
  languageName: node
  linkType: hard

"vscode-languageserver-textdocument@npm:^1.0.2":
  version: 1.0.2
  resolution: "vscode-languageserver-textdocument@npm:1.0.2"
  checksum: 2e29fdc819ed911a60d6ead59dfe385a335b7b4f512257e774cde482c2ac7880378650d85533e549743d04162aac6b9d9f1569282308e87d8390e238277ee6da
  languageName: node
  linkType: hard

"vscode-languageserver-types@npm:3.16.0":
  version: 3.16.0
  resolution: "vscode-languageserver-types@npm:3.16.0"
  checksum: 7a44fb10b9fbeb9529f832337b7f0430fc6275d62945b86851d425a950e22da3917ef5f6c552688191769dd1eae047c6ee9ec3d9f2280498353007c2dfe0725c
  languageName: node
  linkType: hard

"vscode-languageserver@npm:^7.0.0":
  version: 7.0.0
  resolution: "vscode-languageserver@npm:7.0.0"
  dependencies:
    vscode-languageserver-protocol: 3.16.0
  bin:
    installServerIntoExtension: bin/installServerIntoExtension
  checksum: 80cfbd5f8f0869c5369d1a61fe86b3210ee941cb646eb31b672045670ef3ce213dc1fd3bcd4cef6ef8bc7c5025f98e4a70dad645d97a0bd4708962bbd921683a
  languageName: node
  linkType: hard

"yallist@npm:^4.0.0":
  version: 4.0.0
  resolution: "yallist@npm:4.0.0"
  checksum: 343617202af32df2a15a3be36a5a8c0c8545208f3d3dfbc6bb7c3e3b7e8c6f8e7485432e4f3b88da3031a6e20afa7c711eded32ddfb122896ac5d914e75848d5
  languageName: node
  linkType: hard
